
Microsoft Visual Studio Solution File, Format Version 12.00
# Visual Studio 15
Project("{FAE04EC0-301F-11D3-BF4B-00C04F79EFBC}") = "Calculator", "Calculator\Calculator.csproj", "{0B2ACA39-44E8-49D1-AA4C-C3697ACF363A}"
EndProject
Global
	GlobalSection(SolutionConfigurationPlatforms) = preSolution
		Debug|Any CPU = Debug|Any CPU
		Release|Any CPU = Release|Any CPU
	EndGlobalSection
	GlobalSection(ProjectConfigurationPlatforms) = postSolution
		{0B2ACA39-44E8-49D1-AA4C-C3697ACF363A}.Debug|Any CPU.ActiveCfg = Debug|Any CPU
		{0B2ACA39-44E8-49D1-AA4C-C3697ACF363A}.Debug|Any CPU.Build.0 = Debug|Any CPU
		{0B2ACA39-44E8-49D1-AA4C-C3697ACF363A}.Release|Any CPU.ActiveCfg = Release|Any CPU
		{0B2ACA39-44E8-49D1-AA4C-C3697ACF363A}.Release|Any CPU.Build.0 = Release|Any CPU
	EndGlobalSection
EndGlobal
